
Microsoft Visual Studio Solution File, Format Version 12.00
# Visual Studio Version 17
VisualStudioVersion = 17.4.33213.308
MinimumVisualStudioVersion = 10.0.40219.1
Project("{FAE04EC0-301F-11D3-BF4B-00C04F79EFBC}") = "MVC-Application-Migration", "MVC-Application-Migration\MVC-Application-Migration.csproj", "{8A19DB2D-12C7-4C45-BA24-A821872CE367}"
EndProject
Global
	GlobalSection(SolutionConfigurationPlatforms) = preSolution
		Debug|Any CPU = Debug|Any CPU
		Release|Any CPU = Release|Any CPU
	EndGlobalSection
	GlobalSection(ProjectConfigurationPlatforms) = postSolution
		{8A19DB2D-12C7-4C45-BA24-A821872CE367}.Debug|Any CPU.ActiveCfg = Debug|Any CPU
		{8A19DB2D-12C7-4C45-BA24-A821872CE367}.Debug|Any CPU.Build.0 = Debug|Any CPU
		{8A19DB2D-12C7-4C45-BA24-A821872CE367}.Release|Any CPU.ActiveCfg = Release|Any CPU
		{8A19DB2D-12C7-4C45-BA24-A821872CE367}.Release|Any CPU.Build.0 = Release|Any CPU
	EndGlobalSection
	GlobalSection(SolutionProperties) = preSolution
		HideSolutionNode = FALSE
	EndGlobalSection
	GlobalSection(ExtensibilityGlobals) = postSolution
		SolutionGuid = {B78D777F-85CB-4CB0-8076-090607B520C2}
	EndGlobalSection
EndGlobal
